
Microsoft Visual Studio Solution File, Format Version 12.00
# Visual Studio 2012
Project("{FAE04EC0-301F-11D3-BF4B-00C04F79EFBC}") = "Prototype", "Prototype\Prototype.csproj", "{7210041F-9EB0-43B9-A1B5-D32722046BA7}"
EndProject
Global
	GlobalSection(SolutionConfigurationPlatforms) = preSolution
		Debug|Any CPU = Debug|Any CPU
		Release|Any CPU = Release|Any CPU
	EndGlobalSection
	GlobalSection(ProjectConfigurationPlatforms) = postSolution
		{7210041F-9EB0-43B9-A1B5-D32722046BA7}.Debug|Any CPU.ActiveCfg = Debug|Any CPU
		{7210041F-9EB0-43B9-A1B5-D32722046BA7}.Debug|Any CPU.Build.0 = Debug|Any CPU
		{7210041F-9EB0-43B9-A1B5-D32722046BA7}.Release|Any CPU.ActiveCfg = Release|Any CPU
		{7210041F-9EB0-43B9-A1B5-D32722046BA7}.Release|Any CPU.Build.0 = Release|Any CPU
	EndGlobalSection
	GlobalSection(SolutionProperties) = preSolution
		HideSolutionNode = FALSE
	EndGlobalSection
EndGlobal
